
Microsoft Visual Studio Solution File, Format Version 12.00
# Visual Studio 14
VisualStudioVersion = 14.0.25420.1
MinimumVisualStudioVersion = 10.0.40219.1
Project("{FAE04EC0-301F-11D3-BF4B-00C04F79EFBC}") = "FredFang.NLog.Targets.MongoDB", "FredFang.NLog.Targets.MongoDB\FredFang.NLog.Targets.MongoDB.csproj", "{4A8AB94C-8010-4057-BA58-6295EFEFC046}"
EndProject
Project("{FAE04EC0-301F-11D3-BF4B-00C04F79EFBC}") = "FredFang.NLog.Targets.MongoDB.UnitTest", "FredFang.NLog.Targets.MongoDB.UnitTest\FredFang.NLog.Targets.MongoDB.UnitTest.csproj", "{80D4908C-5B04-4B43-8847-BD0C36EB805C}"
EndProject
Global
	GlobalSection(SolutionConfigurationPlatforms) = preSolution
		Debug|Any CPU = Debug|Any CPU
		Release|Any CPU = Release|Any CPU
	EndGlobalSection
	GlobalSection(ProjectConfigurationPlatforms) = postSolution
		{4A8AB94C-8010-4057-BA58-6295EFEFC046}.Debug|Any CPU.ActiveCfg = Debug|Any CPU
		{4A8AB94C-8010-4057-BA58-6295EFEFC046}.Debug|Any CPU.Build.0 = Debug|Any CPU
		{4A8AB94C-8010-4057-BA58-6295EFEFC046}.Release|Any CPU.ActiveCfg = Release|Any CPU
		{4A8AB94C-8010-4057-BA58-6295EFEFC046}.Release|Any CPU.Build.0 = Release|Any CPU
		{80D4908C-5B04-4B43-8847-BD0C36EB805C}.Debug|Any CPU.ActiveCfg = Debug|Any CPU
		{80D4908C-5B04-4B43-8847-BD0C36EB805C}.Debug|Any CPU.Build.0 = Debug|Any CPU
		{80D4908C-5B04-4B43-8847-BD0C36EB805C}.Release|Any CPU.ActiveCfg = Release|Any CPU
		{80D4908C-5B04-4B43-8847-BD0C36EB805C}.Release|Any CPU.Build.0 = Release|Any CPU
	EndGlobalSection
	GlobalSection(SolutionProperties) = preSolution
		HideSolutionNode = FALSE
	EndGlobalSection
EndGlobal
